
Microsoft Visual Studio Solution File, Format Version 12.00
# Visual Studio 14
VisualStudioVersion = 14.0.23107.0
MinimumVisualStudioVersion = 10.0.40219.1
Project("{FAE04EC0-301F-11D3-BF4B-00C04F79EFBC}") = "Elmo", "Elmo\Elmo.csproj", "{0EB400AD-267E-44D7-99EA-5AB07C4E3A22}"
EndProject
Project("{FAE04EC0-301F-11D3-BF4B-00C04F79EFBC}") = "Elmo.Viewer", "Elmo.Viewer\Elmo.Viewer.csproj", "{AA247483-D647-44DC-8CF8-9737B942AEB1}"
EndProject
Project("{FAE04EC0-301F-11D3-BF4B-00C04F79EFBC}") = "Elmo.WebApi", "Elmo.WebApi\Elmo.WebApi.csproj", "{AF2288B6-BE25-43B2-8DE1-C347FD521ADD}"
EndProject
Global
	GlobalSection(SolutionConfigurationPlatforms) = preSolution
		Debug|Any CPU = Debug|Any CPU
		Release|Any CPU = Release|Any CPU
	EndGlobalSection
	GlobalSection(ProjectConfigurationPlatforms) = postSolution
		{0EB400AD-267E-44D7-99EA-5AB07C4E3A22}.Debug|Any CPU.ActiveCfg = Debug|Any CPU
		{0EB400AD-267E-44D7-99EA-5AB07C4E3A22}.Debug|Any CPU.Build.0 = Debug|Any CPU
		{0EB400AD-267E-44D7-99EA-5AB07C4E3A22}.Release|Any CPU.ActiveCfg = Release|Any CPU
		{0EB400AD-267E-44D7-99EA-5AB07C4E3A22}.Release|Any CPU.Build.0 = Release|Any CPU
		{AA247483-D647-44DC-8CF8-9737B942AEB1}.Debug|Any CPU.ActiveCfg = Debug|Any CPU
		{AA247483-D647-44DC-8CF8-9737B942AEB1}.Debug|Any CPU.Build.0 = Debug|Any CPU
		{AA247483-D647-44DC-8CF8-9737B942AEB1}.Release|Any CPU.ActiveCfg = Release|Any CPU
		{AA247483-D647-44DC-8CF8-9737B942AEB1}.Release|Any CPU.Build.0 = Release|Any CPU
		{AF2288B6-BE25-43B2-8DE1-C347FD521ADD}.Debug|Any CPU.ActiveCfg = Debug|Any CPU
		{AF2288B6-BE25-43B2-8DE1-C347FD521ADD}.Debug|Any CPU.Build.0 = Debug|Any CPU
		{AF2288B6-BE25-43B2-8DE1-C347FD521ADD}.Release|Any CPU.ActiveCfg = Release|Any CPU
		{AF2288B6-BE25-43B2-8DE1-C347FD521ADD}.Release|Any CPU.Build.0 = Release|Any CPU
	EndGlobalSection
	GlobalSection(SolutionProperties) = preSolution
		HideSolutionNode = FALSE
	EndGlobalSection
EndGlobal
